
Microsoft Visual Studio Solution File, Format Version 12.00
# Visual Studio Version 16
VisualStudioVersion = 16.0.29911.84
MinimumVisualStudioVersion = 10.0.40219.1
Project("{9A19103F-16F7-4668-BE54-9A1E7A4F7556}") = "MomenTFS.Forms", "MomenTFS\MomenTFS.Forms.csproj", "{B8164832-D714-4C12-A8A6-D93E95BAB1F5}"
EndProject
Project("{9A19103F-16F7-4668-BE54-9A1E7A4F7556}") = "MomenTFS.Desktop", "MomenTFS.Desktop\MomenTFS.Desktop.csproj", "{F8FA7844-35D7-44AD-A26B-CAFC8FED7874}"
EndProject
Project("{FAE04EC0-301F-11D3-BF4B-00C04F79EFBC}") = "MomenTFS", "MomenTFSLib\MomenTFS.csproj", "{D3139F20-3906-4DC1-8665-0EBFF9826C84}"
EndProject
Global
	GlobalSection(SolutionConfigurationPlatforms) = preSolution
		Debug|Any CPU = Debug|Any CPU
		Release|Any CPU = Release|Any CPU
	EndGlobalSection
	GlobalSection(ProjectConfigurationPlatforms) = postSolution
		{B8164832-D714-4C12-A8A6-D93E95BAB1F5}.Debug|Any CPU.ActiveCfg = Debug|Any CPU
		{B8164832-D714-4C12-A8A6-D93E95BAB1F5}.Debug|Any CPU.Build.0 = Debug|Any CPU
		{B8164832-D714-4C12-A8A6-D93E95BAB1F5}.Release|Any CPU.ActiveCfg = Release|Any CPU
		{B8164832-D714-4C12-A8A6-D93E95BAB1F5}.Release|Any CPU.Build.0 = Release|Any CPU
		{F8FA7844-35D7-44AD-A26B-CAFC8FED7874}.Debug|Any CPU.ActiveCfg = Debug|Any CPU
		{F8FA7844-35D7-44AD-A26B-CAFC8FED7874}.Debug|Any CPU.Build.0 = Debug|Any CPU
		{F8FA7844-35D7-44AD-A26B-CAFC8FED7874}.Release|Any CPU.ActiveCfg = Release|Any CPU
		{F8FA7844-35D7-44AD-A26B-CAFC8FED7874}.Release|Any CPU.Build.0 = Release|Any CPU
		{D3139F20-3906-4DC1-8665-0EBFF9826C84}.Debug|Any CPU.ActiveCfg = Debug|Any CPU
		{D3139F20-3906-4DC1-8665-0EBFF9826C84}.Debug|Any CPU.Build.0 = Debug|Any CPU
		{D3139F20-3906-4DC1-8665-0EBFF9826C84}.Release|Any CPU.ActiveCfg = Release|Any CPU
		{D3139F20-3906-4DC1-8665-0EBFF9826C84}.Release|Any CPU.Build.0 = Release|Any CPU
	EndGlobalSection
	GlobalSection(SolutionProperties) = preSolution
		HideSolutionNode = FALSE
	EndGlobalSection
	GlobalSection(ExtensibilityGlobals) = postSolution
		SolutionGuid = {064FB77E-EFC7-470C-9BC6-03BA4B5C97F8}
	EndGlobalSection
EndGlobal
